// !$*UTF8*$!
{
	archiveVersion = 1;
	classes = {
	};
	objectVersion = 48;
	objects = {

/* Begin PBXBuildFile section */
		12FFEEA4928FF72ADFB33F48 /* Pods_Todoey.framework in Frameworks */ = {isa = PBXBuildFile; fileRef = 576DEEE344B35A23C2EBDA6E /* Pods_Todoey.framework */; };
		971343871FFE3DB700D89E45 /* AppDelegate.swift in Sources */ = {isa = PBXBuildFile; fileRef = 971343861FFE3DB700D89E45 /* AppDelegate.swift */; };
		971343891FFE3DB700D89E45 /* TodoListViewController.swift in Sources */ = {isa = PBXBuildFile; fileRef = 971343881FFE3DB700D89E45 /* TodoListViewController.swift */; };
		9713438C1FFE3DB700D89E45 /* Main.storyboard in Resources */ = {isa = PBXBuildFile; fileRef = 9713438A1FFE3DB700D89E45 /* Main.storyboard */; };
		9713438E1FFE3DB700D89E45 /* Assets.xcassets in Resources */ = {isa = PBXBuildFile; fileRef = 9713438D1FFE3DB700D89E45 /* Assets.xcassets */; };
		971343911FFE3DB700D89E45 /* LaunchScreen.storyboard in Resources */ = {isa = PBXBuildFile; fileRef = 9713438F1FFE3DB700D89E45 /* LaunchScreen.storyboard */; };
		971343C11FFE7E0400D89E45 /* DataModel.xcdatamodeld in Sources */ = {isa = PBXBuildFile; fileRef = 971343BF1FFE7E0400D89E45 /* DataModel.xcdatamodeld */; };
		9732C34A1FFFB68800259CDF /* CategoryViewController.swift in Sources */ = {isa = PBXBuildFile; fileRef = 9732C3491FFFB68800259CDF /* CategoryViewController.swift */; };
/* End PBXBuildFile section */

/* Begin PBXFileReference section */
		576DEEE344B35A23C2EBDA6E /* Pods_Todoey.framework */ = {isa = PBXFileReference; explicitFileType = wrapper.framework; includeInIndex = 0; path = Pods_Todoey.framework; sourceTree = BUILT_PRODUCTS_DIR; };
		8FEB2CDD90BEFFCDA433BC1D /* Pods-Todoey.debug.xcconfig */ = {isa = PBXFileReference; includeInIndex = 1; lastKnownFileType = text.xcconfig; name = "Pods-Todoey.debug.xcconfig"; path = "Pods/Target Support Files/Pods-Todoey/Pods-Todoey.debug.xcconfig"; sourceTree = "<group>"; };
		971343831FFE3DB700D89E45 /* Todoey.app */ = {isa = PBXFileReference; explicitFileType = wrapper.application; includeInIndex = 0; path = Todoey.app; sourceTree = BUILT_PRODUCTS_DIR; };
		971343861FFE3DB700D89E45 /* AppDelegate.swift */ = {isa = PBXFileReference; lastKnownFileType = sourcecode.swift; path = AppDelegate.swift; sourceTree = "<group>"; };
		971343881FFE3DB700D89E45 /* TodoListViewController.swift */ = {isa = PBXFileReference; lastKnownFileType = sourcecode.swift; path = TodoListViewController.swift; sourceTree = "<group>"; };
		9713438B1FFE3DB700D89E45 /* Base */ = {isa = PBXFileReference; lastKnownFileType = file.storyboard; name = Base; path = Base.lproj/Main.storyboard; sourceTree = "<group>"; };
		9713438D1FFE3DB700D89E45 /* Assets.xcassets */ = {isa = PBXFileReference; lastKnownFileType = folder.assetcatalog; path = Assets.xcassets; sourceTree = "<group>"; };
		971343901FFE3DB700D89E45 /* Base */ = {isa = PBXFileReference; lastKnownFileType = file.storyboard; name = Base; path = Base.lproj/LaunchScreen.storyboard; sourceTree = "<group>"; };
		971343921FFE3DB700D89E45 /* Info.plist */ = {isa = PBXFileReference; lastKnownFileType = text.plist.xml; path = Info.plist; sourceTree = "<group>"; };
		971343C01FFE7E0400D89E45 /* DataModel.xcdatamodel */ = {isa = PBXFileReference; lastKnownFileType = wrapper.xcdatamodel; path = DataModel.xcdatamodel; sourceTree = "<group>"; };
		9732C3491FFFB68800259CDF /* CategoryViewController.swift */ = {isa = PBXFileReference; lastKnownFileType = sourcecode.swift; path = CategoryViewController.swift; sourceTree = "<group>"; };
		ABC20D4EE7C48A63FF242C57 /* Pods-Todoey.release.xcconfig */ = {isa = PBXFileReference; includeInIndex = 1; lastKnownFileType = text.xcconfig; name = "Pods-Todoey.release.xcconfig"; path = "Pods/Target Support Files/Pods-Todoey/Pods-Todoey.release.xcconfig"; sourceTree = "<group>"; };
/* End PBXFileReference section */

/* Begin PBXFrameworksBuildPhase section */
		971343801FFE3DB700D89E45 /* Frameworks */ = {
			isa = PBXFrameworksBuildPhase;
			buildActionMask = 2147483647;
			files = (
				12FFEEA4928FF72ADFB33F48 /* Pods_Todoey.framework in Frameworks */,
			);
			runOnlyForDeploymentPostprocessing = 0;
		};
/* End PBXFrameworksBuildPhase section */

/* Begin PBXGroup section */
		55B229BB24333BE715FF78A1 /* Frameworks */ = {
			isa = PBXGroup;
			children = (
				576DEEE344B35A23C2EBDA6E /* Pods_Todoey.framework */,
			);
			name = Frameworks;
			sourceTree = "<group>";
		};
		9713437A1FFE3DB700D89E45 = {
			isa = PBXGroup;
			children = (
				971343851FFE3DB700D89E45 /* Todoey */,
				971343841FFE3DB700D89E45 /* Products */,
				9E11A2DE01750BA410E48EE7 /* Pods */,
				55B229BB24333BE715FF78A1 /* Frameworks */,
			);
			sourceTree = "<group>";
		};
		971343841FFE3DB700D89E45 /* Products */ = {
			isa = PBXGroup;
			children = (
				971343831FFE3DB700D89E45 /* Todoey.app */,
			);
			name = Products;
			sourceTree = "<group>";
		};
		971343851FFE3DB700D89E45 /* Todoey */ = {
			isa = PBXGroup;
			children = (
				9713439D1FFE6C7900D89E45 /* Supporting Files */,
				9713439C1FFE6C7300D89E45 /* Views */,
				9713439B1FFE6C6C00D89E45 /* Controllers */,
				9713439A1FFE6C6300D89E45 /* Data Model */,
				971343861FFE3DB700D89E45 /* AppDelegate.swift */,
				971343921FFE3DB700D89E45 /* Info.plist */,
			);
			path = Todoey;
			sourceTree = "<group>";
		};
		9713439A1FFE6C6300D89E45 /* Data Model */ = {
			isa = PBXGroup;
			children = (
				971343BF1FFE7E0400D89E45 /* DataModel.xcdatamodeld */,
			);
			path = "Data Model";
			sourceTree = "<group>";
		};
		9713439B1FFE6C6C00D89E45 /* Controllers */ = {
			isa = PBXGroup;
			children = (
				9732C3491FFFB68800259CDF /* CategoryViewController.swift */,
				971343881FFE3DB700D89E45 /* TodoListViewController.swift */,
			);
			path = Controllers;
			sourceTree = "<group>";
		};
		9713439C1FFE6C7300D89E45 /* Views */ = {
			isa = PBXGroup;
			children = (
				9713438F1FFE3DB700D89E45 /* LaunchScreen.storyboard */,
				9713438A1FFE3DB700D89E45 /* Main.storyboard */,
			);
			path = Views;
			sourceTree = "<group>";
		};
		9713439D1FFE6C7900D89E45 /* Supporting Files */ = {
			isa = PBXGroup;
			children = (
				9713438D1FFE3DB700D89E45 /* Assets.xcassets */,
			);
			path = "Supporting Files";
			sourceTree = "<group>";
		};
		9E11A2DE01750BA410E48EE7 /* Pods */ = {
			isa = PBXGroup;
			children = (
				8FEB2CDD90BEFFCDA433BC1D /* Pods-Todoey.debug.xcconfig */,
				ABC20D4EE7C48A63FF242C57 /* Pods-Todoey.release.xcconfig */,
			);
			name = Pods;
			sourceTree = "<group>";
		};
/* End PBXGroup section */

/* Begin PBXNativeTarget section */
		971343821FFE3DB700D89E45 /* Todoey */ = {
			isa = PBXNativeTarget;
			buildConfigurationList = 971343951FFE3DB700D89E45 /* Build configuration list for PBXNativeTarget "Todoey" */;
			buildPhases = (
				EF5CFF21631B250E8C49C183 /* [CP] Check Pods Manifest.lock */,
				9713437F1FFE3DB700D89E45 /* Sources */,
				971343801FFE3DB700D89E45 /* Frameworks */,
				971343811FFE3DB700D89E45 /* Resources */,
				E7F40E7F22289C2F39F90022 /* [CP] Embed Pods Frameworks */,
				24F9D66A75DE577C4CD2475B /* [CP] Copy Pods Resources */,
			);
			buildRules = (
			);
			dependencies = (
			);
			name = Todoey;
			productName = Todoey;
			productReference = 971343831FFE3DB700D89E45 /* Todoey.app */;
			productType = "com.apple.product-type.application";
		};
/* End PBXNativeTarget section */

/* Begin PBXProject section */
		9713437B1FFE3DB700D89E45 /* Project object */ = {
			isa = PBXProject;
			attributes = {
				LastSwiftUpdateCheck = 0920;
				LastUpgradeCheck = 0920;
				ORGANIZATIONNAME = "Peter Ehrenberg";
				TargetAttributes = {
					971343821FFE3DB700D89E45 = {
						CreatedOnToolsVersion = 9.2;
						ProvisioningStyle = Automatic;
					};
				};
			};
			buildConfigurationList = 9713437E1FFE3DB700D89E45 /* Build configuration list for PBXProject "Todoey" */;
			compatibilityVersion = "Xcode 8.0";
			developmentRegion = en;
			hasScannedForEncodings = 0;
			knownRegions = (
				en,
				Base,
			);
			mainGroup = 9713437A1FFE3DB700D89E45;
			productRefGroup = 971343841FFE3DB700D89E45 /* Products */;
			projectDirPath = "";
			projectRoot = "";
			targets = (
				971343821FFE3DB700D89E45 /* Todoey */,
			);
		};
/* End PBXProject section */

/* Begin PBXResourcesBuildPhase section */
		971343811FFE3DB700D89E45 /* Resources */ = {
			isa = PBXResourcesBuildPhase;
			buildActionMask = 2147483647;
			files = (
				971343911FFE3DB700D89E45 /* LaunchScreen.storyboard in Resources */,
				9713438E1FFE3DB700D89E45 /* Assets.xcassets in Resources */,
				9713438C1FFE3DB700D89E45 /* Main.storyboard in Resources */,
			);
			runOnlyForDeploymentPostprocessing = 0;
		};
/* End PBXResourcesBuildPhase section */

/* Begin PBXShellScriptBuildPhase section */
		24F9D66A75DE577C4CD2475B /* [CP] Copy Pods Resources */ = {
			isa = PBXShellScriptBuildPhase;
			buildActionMask = 2147483647;
			files = (
			);
			inputPaths = (
			);
			name = "[CP] Copy Pods Resources";
			outputPaths = (
			);
			runOnlyForDeploymentPostprocessing = 0;
			shellPath = /bin/sh;
			shellScript = "\"${SRCROOT}/Pods/Target Support Files/Pods-Todoey/Pods-Todoey-resources.sh\"\n";
			showEnvVarsInLog = 0;
		};
		E7F40E7F22289C2F39F90022 /* [CP] Embed Pods Frameworks */ = {
			isa = PBXShellScriptBuildPhase;
			buildActionMask = 2147483647;
			files = (
			);
			inputPaths = (
				"${SRCROOT}/Pods/Target Support Files/Pods-Todoey/Pods-Todoey-frameworks.sh",
				"${BUILT_PRODUCTS_DIR}/Realm/Realm.framework",
				"${BUILT_PRODUCTS_DIR}/RealmSwift/RealmSwift.framework",
			);
			name = "[CP] Embed Pods Frameworks";
			outputPaths = (
				"${TARGET_BUILD_DIR}/${FRAMEWORKS_FOLDER_PATH}/Realm.framework",
				"${TARGET_BUILD_DIR}/${FRAMEWORKS_FOLDER_PATH}/RealmSwift.framework",
			);
			runOnlyForDeploymentPostprocessing = 0;
			shellPath = /bin/sh;
			shellScript = "\"${SRCROOT}/Pods/Target Support Files/Pods-Todoey/Pods-Todoey-frameworks.sh\"\n";
			showEnvVarsInLog = 0;
		};
		EF5CFF21631B250E8C49C183 /* [CP] Check Pods Manifest.lock */ = {
			isa = PBXShellScriptBuildPhase;
			buildActionMask = 2147483647;
			files = (
			);
			inputPaths = (
				"${PODS_PODFILE_DIR_PATH}/Podfile.lock",
				"${PODS_ROOT}/Manifest.lock",
			);
			name = "[CP] Check Pods Manifest.lock";
			outputPaths = (
				"$(DERIVED_FILE_DIR)/Pods-Todoey-checkManifestLockResult.txt",
			);
			runOnlyForDeploymentPostprocessing = 0;
			shellPath = /bin/sh;
			shellScript = "diff \"${PODS_PODFILE_DIR_PATH}/Podfile.lock\" \"${PODS_ROOT}/Manifest.lock\" > /dev/null\nif [ $? != 0 ] ; then\n    # print error to STDERR\n    echo \"error: The sandbox is not in sync with the Podfile.lock. Run 'pod install' or update your CocoaPods installation.\" >&2\n    exit 1\nfi\n# This output is used by Xcode 'outputs' to avoid re-running this script phase.\necho \"SUCCESS\" > \"${SCRIPT_OUTPUT_FILE_0}\"\n";
			showEnvVarsInLog = 0;
		};
/* End PBXShellScriptBuildPhase section */

/* Begin PBXSourcesBuildPhase section */
		9713437F1FFE3DB700D89E45 /* Sources */ = {
			isa = PBXSourcesBuildPhase;
			buildActionMask = 2147483647;
			files = (
				971343891FFE3DB700D89E45 /* TodoListViewController.swift in Sources */,
				971343C11FFE7E0400D89E45 /* DataModel.xcdatamodeld in Sources */,
				971343871FFE3DB700D89E45 /* AppDelegate.swift in Sources */,
				9732C34A1FFFB68800259CDF /* CategoryViewController.swift in Sources */,
			);
			runOnlyForDeploymentPostprocessing = 0;
		};
/* End PBXSourcesBuildPhase section */

/* Begin PBXVariantGroup section */
		9713438A1FFE3DB700D89E45 /* Main.storyboard */ = {
			isa = PBXVariantGroup;
			children = (
				9713438B1FFE3DB700D89E45 /* Base */,
			);
			name = Main.storyboard;
			sourceTree = "<group>";
		};
		9713438F1FFE3DB700D89E45 /* LaunchScreen.storyboard */ = {
			isa = PBXVariantGroup;
			children = (
				971343901FFE3DB700D89E45 /* Base */,
			);
			name = LaunchScreen.storyboard;
			sourceTree = "<group>";
		};
/* End PBXVariantGroup section */

/* Begin XCBuildConfiguration section */
		971343931FFE3DB700D89E45 /* Debug */ = {
			isa = XCBuildConfiguration;
			buildSettings = {
				ALWAYS_SEARCH_USER_PATHS = NO;
				CLANG_ANALYZER_NONNULL = YES;
				CLANG_ANALYZER_NUMBER_OBJECT_CONVERSION = YES_AGGRESSIVE;
				CLANG_CXX_LANGUAGE_STANDARD = "gnu++14";
				CLANG_CXX_LIBRARY = "libc++";
				CLANG_ENABLE_MODULES = YES;
				CLANG_ENABLE_OBJC_ARC = YES;
				CLANG_WARN_BLOCK_CAPTURE_AUTORELEASING = YES;
				CLANG_WARN_BOOL_CONVERSION = YES;
				CLANG_WARN_COMMA = YES;
				CLANG_WARN_CONSTANT_CONVERSION = YES;
				CLANG_WARN_DIRECT_OBJC_ISA_USAGE = YES_ERROR;
				CLANG_WARN_DOCUMENTATION_COMMENTS = YES;
				CLANG_WARN_EMPTY_BODY = YES;
				CLANG_WARN_ENUM_CONVERSION = YES;
				CLANG_WARN_INFINITE_RECURSION = YES;
				CLANG_WARN_INT_CONVERSION = YES;
				CLANG_WARN_NON_LITERAL_NULL_CONVERSION = YES;
				CLANG_WARN_OBJC_LITERAL_CONVERSION = YES;
				CLANG_WARN_OBJC_ROOT_CLASS = YES_ERROR;
				CLANG_WARN_RANGE_LOOP_ANALYSIS = YES;
				CLANG_WARN_STRICT_PROTOTYPES = YES;
				CLANG_WARN_SUSPICIOUS_MOVE = YES;
				CLANG_WARN_UNGUARDED_AVAILABILITY = YES_AGGRESSIVE;
				CLANG_WARN_UNREACHABLE_CODE = YES;
				CLANG_WARN__DUPLICATE_METHOD_MATCH = YES;
				CODE_SIGN_IDENTITY = "iPhone Developer";
				COPY_PHASE_STRIP = NO;
				DEBUG_INFORMATION_FORMAT = dwarf;
				ENABLE_STRICT_OBJC_MSGSEND = YES;
				ENABLE_TESTABILITY = YES;
				GCC_C_LANGUAGE_STANDARD = gnu11;
				GCC_DYNAMIC_NO_PIC = NO;
				GCC_NO_COMMON_BLOCKS = YES;
				GCC_OPTIMIZATION_LEVEL = 0;
				GCC_PREPROCESSOR_DEFINITIONS = (
					"DEBUG=1",
					"$(inherited)",
				);
				GCC_WARN_64_TO_32_BIT_CONVERSION = YES;
				GCC_WARN_ABOUT_RETURN_TYPE = YES_ERROR;
				GCC_WARN_UNDECLARED_SELECTOR = YES;
				GCC_WARN_UNINITIALIZED_AUTOS = YES_AGGRESSIVE;
				GCC_WARN_UNUSED_FUNCTION = YES;
				GCC_WARN_UNUSED_VARIABLE = YES;
				IPHONEOS_DEPLOYMENT_TARGET = 11.2;
				MTL_ENABLE_DEBUG_INFO = YES;
				ONLY_ACTIVE_ARCH = YES;
				SDKROOT = iphoneos;
				SWIFT_ACTIVE_COMPILATION_CONDITIONS = DEBUG;
				SWIFT_OPTIMIZATION_LEVEL = "-Onone";
			};
			name = Debug;
		};
		971343941FFE3DB700D89E45 /* Release */ = {
			isa = XCBuildConfiguration;
			buildSettings = {
				ALWAYS_SEARCH_USER_PATHS = NO;
				CLANG_ANALYZER_NONNULL = YES;
				CLANG_ANALYZER_NUMBER_OBJECT_CONVERSION = YES_AGGRESSIVE;
				CLANG_CXX_LANGUAGE_STANDARD = "gnu++14";
				CLANG_CXX_LIBRARY = "libc++";
				CLANG_ENABLE_MODULES = YES;
				CLANG_ENABLE_OBJC_ARC = YES;
				CLANG_WARN_BLOCK_CAPTURE_AUTORELEASING = YES;
				CLANG_WARN_BOOL_CONVERSION = YES;
				CLANG_WARN_COMMA = YES;
				CLANG_WARN_CONSTANT_CONVERSION = YES;
				CLANG_WARN_DIRECT_OBJC_ISA_USAGE = YES_ERROR;
				CLANG_WARN_DOCUMENTATION_COMMENTS = YES;
				CLANG_WARN_EMPTY_BODY = YES;
				CLANG_WARN_ENUM_CONVERSION = YES;
				CLANG_WARN_INFINITE_RECURSION = YES;
				CLANG_WARN_INT_CONVERSION = YES;
				CLANG_WARN_NON_LITERAL_NULL_CONVERSION = YES;
				CLANG_WARN_OBJC_LITERAL_CONVERSION = YES;
				CLANG_WARN_OBJC_ROOT_CLASS = YES_ERROR;
				CLANG_WARN_RANGE_LOOP_ANALYSIS = YES;
				CLANG_WARN_STRICT_PROTOTYPES = YES;
				CLANG_WARN_SUSPICIOUS_MOVE = YES;
				CLANG_WARN_UNGUARDED_AVAILABILITY = YES_AGGRESSIVE;
				CLANG_WARN_UNREACHABLE_CODE = YES;
				CLANG_WARN__DUPLICATE_METHOD_MATCH = YES;
				CODE_SIGN_IDENTITY = "iPhone Developer";
				COPY_PHASE_STRIP = NO;
				DEBUG_INFORMATION_FORMAT = "dwarf-with-dsym";
				ENABLE_NS_ASSERTIONS = NO;
				ENABLE_STRICT_OBJC_MSGSEND = YES;
				GCC_C_LANGUAGE_STANDARD = gnu11;
				GCC_NO_COMMON_BLOCKS = YES;
				GCC_WARN_64_TO_32_BIT_CONVERSION = YES;
				GCC_WARN_ABOUT_RETURN_TYPE = YES_ERROR;
				GCC_WARN_UNDECLARED_SELECTOR = YES;
				GCC_WARN_UNINITIALIZED_AUTOS = YES_AGGRESSIVE;
				GCC_WARN_UNUSED_FUNCTION = YES;
				GCC_WARN_UNUSED_VARIABLE = YES;
				IPHONEOS_DEPLOYMENT_TARGET = 11.2;
				MTL_ENABLE_DEBUG_INFO = NO;
				SDKROOT = iphoneos;
				SWIFT_OPTIMIZATION_LEVEL = "-Owholemodule";
				VALIDATE_PRODUCT = YES;
			};
			name = Release;
		};
		971343961FFE3DB700D89E45 /* Debug */ = {
			isa = XCBuildConfiguration;
			baseConfigurationReference = 8FEB2CDD90BEFFCDA433BC1D /* Pods-Todoey.debug.xcconfig */;
			buildSettings = {
				ASSETCATALOG_COMPILER_APPICON_NAME = AppIcon;
				CODE_SIGN_STYLE = Automatic;
				DEVELOPMENT_TEAM = 3DQC5BH62W;
				INFOPLIST_FILE = Todoey/Info.plist;
				LD_RUNPATH_SEARCH_PATHS = "$(inherited) @executable_path/Frameworks";
				PRODUCT_BUNDLE_IDENTIFIER = com.sportassify.Todoey;
				PRODUCT_NAME = "$(TARGET_NAME)";
				SWIFT_VERSION = 4.0;
				TARGETED_DEVICE_FAMILY = "1,2";
			};
			name = Debug;
		};
		971343971FFE3DB700D89E45 /* Release */ = {
			isa = XCBuildConfiguration;
			baseConfigurationReference = ABC20D4EE7C48A63FF242C57 /* Pods-Todoey.release.xcconfig */;
			buildSettings = {
				ASSETCATALOG_COMPILER_APPICON_NAME = AppIcon;
				CODE_SIGN_STYLE = Automatic;
				DEVELOPMENT_TEAM = 3DQC5BH62W;
				INFOPLIST_FILE = Todoey/Info.plist;
				LD_RUNPATH_SEARCH_PATHS = "$(inherited) @executable_path/Frameworks";
				PRODUCT_BUNDLE_IDENTIFIER = com.sportassify.Todoey;
				PRODUCT_NAME = "$(TARGET_NAME)";
				SWIFT_VERSION = 4.0;
				TARGETED_DEVICE_FAMILY = "1,2";
			};
			name = Release;
		};
/* End XCBuildConfiguration section */

/* Begin XCConfigurationList section */
		9713437E1FFE3DB700D89E45 /* Build configuration list for PBXProject "Todoey" */ = {
			isa = XCConfigurationList;
			buildConfigurations = (
				971343931FFE3DB700D89E45 /* Debug */,
				971343941FFE3DB700D89E45 /* Release */,
			);
			defaultConfigurationIsVisible = 0;
			defaultConfigurationName = Release;
		};
		971343951FFE3DB700D89E45 /* Build configuration list for PBXNativeTarget "Todoey" */ = {
			isa = XCConfigurationList;
			buildConfigurations = (
				971343961FFE3DB700D89E45 /* Debug */,
				971343971FFE3DB700D89E45 /* Release */,
			);
			defaultConfigurationIsVisible = 0;
			defaultConfigurationName = Release;
		};
/* End XCConfigurationList section */

/* Begin XCVersionGroup section */
		971343BF1FFE7E0400D89E45 /* DataModel.xcdatamodeld */ = {
			isa = XCVersionGroup;
			children = (
				971343C01FFE7E0400D89E45 /* DataModel.xcdatamodel */,
			);
			currentVersion = 971343C01FFE7E0400D89E45 /* DataModel.xcdatamodel */;
			path = DataModel.xcdatamodeld;
			sourceTree = "<group>";
			versionGroupType = wrapper.xcdatamodel;
		};
/* End XCVersionGroup section */
	};
	rootObject = 9713437B1FFE3DB700D89E45 /* Project object */;
}
